// !$*UTF8*$!
{
	archiveVersion = 1;
	classes = {
	};
	objectVersion = 50;
	objects = {

/* Begin PBXBuildFile section */
		16CD98EE24B0B6E600E73CE6 /* Food_AppApp.swift in Sources */ = {isa = PBXBuildFile; fileRef = 16CD98ED24B0B6E600E73CE6 /* Food_AppApp.swift */; };
		16CD98F024B0B6E600E73CE6 /* ContentView.swift in Sources */ = {isa = PBXBuildFile; fileRef = 16CD98EF24B0B6E600E73CE6 /* ContentView.swift */; };
		16CD98F224B0B6E800E73CE6 /* Assets.xcassets in Resources */ = {isa = PBXBuildFile; fileRef = 16CD98F124B0B6E800E73CE6 /* Assets.xcassets */; };
		16CD98F524B0B6E800E73CE6 /* Preview Assets.xcassets in Resources */ = {isa = PBXBuildFile; fileRef = 16CD98F424B0B6E800E73CE6 /* Preview Assets.xcassets */; };
		16CD990024B0B6E800E73CE6 /* Food_AppTests.swift in Sources */ = {isa = PBXBuildFile; fileRef = 16CD98FF24B0B6E800E73CE6 /* Food_AppTests.swift */; };
		16CD990B24B0B6E800E73CE6 /* Food_AppUITests.swift in Sources */ = {isa = PBXBuildFile; fileRef = 16CD990A24B0B6E800E73CE6 /* Food_AppUITests.swift */; };
/* End PBXBuildFile section */

/* Begin PBXContainerItemProxy section */
		16CD98FC24B0B6E800E73CE6 /* PBXContainerItemProxy */ = {
			isa = PBXContainerItemProxy;
			containerPortal = 16CD98E224B0B6E600E73CE6 /* Project object */;
			proxyType = 1;
			remoteGlobalIDString = 16CD98E924B0B6E600E73CE6;
			remoteInfo = "Food App";
		};
		16CD990724B0B6E800E73CE6 /* PBXContainerItemProxy */ = {
			isa = PBXContainerItemProxy;
			containerPortal = 16CD98E224B0B6E600E73CE6 /* Project object */;
			proxyType = 1;
			remoteGlobalIDString = 16CD98E924B0B6E600E73CE6;
			remoteInfo = "Food App";
		};
/* End PBXContainerItemProxy section */

/* Begin PBXFileReference section */
		16CD98EA24B0B6E600E73CE6 /* Food App.app */ = {isa = PBXFileReference; explicitFileType = wrapper.application; includeInIndex = 0; path = "Food App.app"; sourceTree = BUILT_PRODUCTS_DIR; };
		16CD98ED24B0B6E600E73CE6 /* Food_AppApp.swift */ = {isa = PBXFileReference; lastKnownFileType = sourcecode.swift; path = Food_AppApp.swift; sourceTree = "<group>"; };
		16CD98EF24B0B6E600E73CE6 /* ContentView.swift */ = {isa = PBXFileReference; lastKnownFileType = sourcecode.swift; path = ContentView.swift; sourceTree = "<group>"; };
		16CD98F124B0B6E800E73CE6 /* Assets.xcassets */ = {isa = PBXFileReference; lastKnownFileType = folder.assetcatalog; path = Assets.xcassets; sourceTree = "<group>"; };
		16CD98F424B0B6E800E73CE6 /* Preview Assets.xcassets */ = {isa = PBXFileReference; lastKnownFileType = folder.assetcatalog; path = "Preview Assets.xcassets"; sourceTree = "<group>"; };
		16CD98F624B0B6E800E73CE6 /* Info.plist */ = {isa = PBXFileReference; lastKnownFileType = text.plist.xml; path = Info.plist; sourceTree = "<group>"; };
		16CD98FB24B0B6E800E73CE6 /* Food AppTests.xctest */ = {isa = PBXFileReference; explicitFileType = wrapper.cfbundle; includeInIndex = 0; path = "Food AppTests.xctest"; sourceTree = BUILT_PRODUCTS_DIR; };
		16CD98FF24B0B6E800E73CE6 /* Food_AppTests.swift */ = {isa = PBXFileReference; lastKnownFileType = sourcecode.swift; path = Food_AppTests.swift; sourceTree = "<group>"; };
		16CD990124B0B6E800E73CE6 /* Info.plist */ = {isa = PBXFileReference; lastKnownFileType = text.plist.xml; path = Info.plist; sourceTree = "<group>"; };
		16CD990624B0B6E800E73CE6 /* Food AppUITests.xctest */ = {isa = PBXFileReference; explicitFileType = wrapper.cfbundle; includeInIndex = 0; path = "Food AppUITests.xctest"; sourceTree = BUILT_PRODUCTS_DIR; };
		16CD990A24B0B6E800E73CE6 /* Food_AppUITests.swift */ = {isa = PBXFileReference; lastKnownFileType = sourcecode.swift; path = Food_AppUITests.swift; sourceTree = "<group>"; };
		16CD990C24B0B6E800E73CE6 /* Info.plist */ = {isa = PBXFileReference; lastKnownFileType = text.plist.xml; path = Info.plist; sourceTree = "<group>"; };
/* End PBXFileReference section */

/* Begin PBXFrameworksBuildPhase section */
		16CD98E724B0B6E600E73CE6 /* Frameworks */ = {
			isa = PBXFrameworksBuildPhase;
			buildActionMask = 2147483647;
			files = (
			);
			runOnlyForDeploymentPostprocessing = 0;
		};
		16CD98F824B0B6E800E73CE6 /* Frameworks */ = {
			isa = PBXFrameworksBuildPhase;
			buildActionMask = 2147483647;
			files = (
			);
			runOnlyForDeploymentPostprocessing = 0;
		};
		16CD990324B0B6E800E73CE6 /* Frameworks */ = {
			isa = PBXFrameworksBuildPhase;
			buildActionMask = 2147483647;
			files = (
			);
			runOnlyForDeploymentPostprocessing = 0;
		};
/* End PBXFrameworksBuildPhase section */

/* Begin PBXGroup section */
		16CD98E124B0B6E600E73CE6 = {
			isa = PBXGroup;
			children = (
				16CD98EC24B0B6E600E73CE6 /* Food App */,
				16CD98FE24B0B6E800E73CE6 /* Food AppTests */,
				16CD990924B0B6E800E73CE6 /* Food AppUITests */,
				16CD98EB24B0B6E600E73CE6 /* Products */,
			);
			sourceTree = "<group>";
		};
		16CD98EB24B0B6E600E73CE6 /* Products */ = {
			isa = PBXGroup;
			children = (
				16CD98EA24B0B6E600E73CE6 /* Food App.app */,
				16CD98FB24B0B6E800E73CE6 /* Food AppTests.xctest */,
				16CD990624B0B6E800E73CE6 /* Food AppUITests.xctest */,
			);
			name = Products;
			sourceTree = "<group>";
		};
		16CD98EC24B0B6E600E73CE6 /* Food App */ = {
			isa = PBXGroup;
			children = (
				16CD98ED24B0B6E600E73CE6 /* Food_AppApp.swift */,
				16CD98EF24B0B6E600E73CE6 /* ContentView.swift */,
				16CD98F124B0B6E800E73CE6 /* Assets.xcassets */,
				16CD98F624B0B6E800E73CE6 /* Info.plist */,
				16CD98F324B0B6E800E73CE6 /* Preview Content */,
			);
			path = "Food App";
			sourceTree = "<group>";
		};
		16CD98F324B0B6E800E73CE6 /* Preview Content */ = {
			isa = PBXGroup;
			children = (
				16CD98F424B0B6E800E73CE6 /* Preview Assets.xcassets */,
			);
			path = "Preview Content";
			sourceTree = "<group>";
		};
		16CD98FE24B0B6E800E73CE6 /* Food AppTests */ = {
			isa = PBXGroup;
			children = (
				16CD98FF24B0B6E800E73CE6 /* Food_AppTests.swift */,
				16CD990124B0B6E800E73CE6 /* Info.plist */,
			);
			path = "Food AppTests";
			sourceTree = "<group>";
		};
		16CD990924B0B6E800E73CE6 /* Food AppUITests */ = {
			isa = PBXGroup;
			children = (
				16CD990A24B0B6E800E73CE6 /* Food_AppUITests.swift */,
				16CD990C24B0B6E800E73CE6 /* Info.plist */,
			);
			path = "Food AppUITests";
			sourceTree = "<group>";
		};
/* End PBXGroup section */

/* Begin PBXNativeTarget section */
		16CD98E924B0B6E600E73CE6 /* Food App */ = {
			isa = PBXNativeTarget;
			buildConfigurationList = 16CD990F24B0B6E800E73CE6 /* Build configuration list for PBXNativeTarget "Food App" */;
			buildPhases = (
				16CD98E624B0B6E600E73CE6 /* Sources */,
				16CD98E724B0B6E600E73CE6 /* Frameworks */,
				16CD98E824B0B6E600E73CE6 /* Resources */,
			);
			buildRules = (
			);
			dependencies = (
			);
			name = "Food App";
			productName = "Food App";
			productReference = 16CD98EA24B0B6E600E73CE6 /* Food App.app */;
			productType = "com.apple.product-type.application";
		};
		16CD98FA24B0B6E800E73CE6 /* Food AppTests */ = {
			isa = PBXNativeTarget;
			buildConfigurationList = 16CD991224B0B6E800E73CE6 /* Build configuration list for PBXNativeTarget "Food AppTests" */;
			buildPhases = (
				16CD98F724B0B6E800E73CE6 /* Sources */,
				16CD98F824B0B6E800E73CE6 /* Frameworks */,
				16CD98F924B0B6E800E73CE6 /* Resources */,
			);
			buildRules = (
			);
			dependencies = (
				16CD98FD24B0B6E800E73CE6 /* PBXTargetDependency */,
			);
			name = "Food AppTests";
			productName = "Food AppTests";
			productReference = 16CD98FB24B0B6E800E73CE6 /* Food AppTests.xctest */;
			productType = "com.apple.product-type.bundle.unit-test";
		};
		16CD990524B0B6E800E73CE6 /* Food AppUITests */ = {
			isa = PBXNativeTarget;
			buildConfigurationList = 16CD991524B0B6E800E73CE6 /* Build configuration list for PBXNativeTarget "Food AppUITests" */;
			buildPhases = (
				16CD990224B0B6E800E73CE6 /* Sources */,
				16CD990324B0B6E800E73CE6 /* Frameworks */,
				16CD990424B0B6E800E73CE6 /* Resources */,
			);
			buildRules = (
			);
			dependencies = (
				16CD990824B0B6E800E73CE6 /* PBXTargetDependency */,
			);
			name = "Food AppUITests";
			productName = "Food AppUITests";
			productReference = 16CD990624B0B6E800E73CE6 /* Food AppUITests.xctest */;
			productType = "com.apple.product-type.bundle.ui-testing";
		};
/* End PBXNativeTarget section */

/* Begin PBXProject section */
		16CD98E224B0B6E600E73CE6 /* Project object */ = {
			isa = PBXProject;
			attributes = {
				LastSwiftUpdateCheck = 1200;
				LastUpgradeCheck = 1200;
				TargetAttributes = {
					16CD98E924B0B6E600E73CE6 = {
						CreatedOnToolsVersion = 12.0;
					};
					16CD98FA24B0B6E800E73CE6 = {
						CreatedOnToolsVersion = 12.0;
						TestTargetID = 16CD98E924B0B6E600E73CE6;
					};
					16CD990524B0B6E800E73CE6 = {
						CreatedOnToolsVersion = 12.0;
						TestTargetID = 16CD98E924B0B6E600E73CE6;
					};
				};
			};
			buildConfigurationList = 16CD98E524B0B6E600E73CE6 /* Build configuration list for PBXProject "Food App" */;
			compatibilityVersion = "Xcode 9.3";
			developmentRegion = en;
			hasScannedForEncodings = 0;
			knownRegions = (
				en,
				Base,
			);
			mainGroup = 16CD98E124B0B6E600E73CE6;
			productRefGroup = 16CD98EB24B0B6E600E73CE6 /* Products */;
			projectDirPath = "";
			projectRoot = "";
			targets = (
				16CD98E924B0B6E600E73CE6 /* Food App */,
				16CD98FA24B0B6E800E73CE6 /* Food AppTests */,
				16CD990524B0B6E800E73CE6 /* Food AppUITests */,
			);
		};
/* End PBXProject section */

/* Begin PBXResourcesBuildPhase section */
		16CD98E824B0B6E600E73CE6 /* Resources */ = {
			isa = PBXResourcesBuildPhase;
			buildActionMask = 2147483647;
			files = (
				16CD98F524B0B6E800E73CE6 /* Preview Assets.xcassets in Resources */,
				16CD98F224B0B6E800E73CE6 /* Assets.xcassets in Resources */,
			);
			runOnlyForDeploymentPostprocessing = 0;
		};
		16CD98F924B0B6E800E73CE6 /* Resources */ = {
			isa = PBXResourcesBuildPhase;
			buildActionMask = 2147483647;
			files = (
			);
			runOnlyForDeploymentPostprocessing = 0;
		};
		16CD990424B0B6E800E73CE6 /* Resources */ = {
			isa = PBXResourcesBuildPhase;
			buildActionMask = 2147483647;
			files = (
			);
			runOnlyForDeploymentPostprocessing = 0;
		};
/* End PBXResourcesBuildPhase section */

/* Begin PBXSourcesBuildPhase section */
		16CD98E624B0B6E600E73CE6 /* Sources */ = {
			isa = PBXSourcesBuildPhase;
			buildActionMask = 2147483647;
			files = (
				16CD98F024B0B6E600E73CE6 /* ContentView.swift in Sources */,
				16CD98EE24B0B6E600E73CE6 /* Food_AppApp.swift in Sources */,
			);
			runOnlyForDeploymentPostprocessing = 0;
		};
		16CD98F724B0B6E800E73CE6 /* Sources */ = {
			isa = PBXSourcesBuildPhase;
			buildActionMask = 2147483647;
			files = (
				16CD990024B0B6E800E73CE6 /* Food_AppTests.swift in Sources */,
			);
			runOnlyForDeploymentPostprocessing = 0;
		};
		16CD990224B0B6E800E73CE6 /* Sources */ = {
			isa = PBXSourcesBuildPhase;
			buildActionMask = 2147483647;
			files = (
				16CD990B24B0B6E800E73CE6 /* Food_AppUITests.swift in Sources */,
			);
			runOnlyForDeploymentPostprocessing = 0;
		};
/* End PBXSourcesBuildPhase section */

/* Begin PBXTargetDependency section */
		16CD98FD24B0B6E800E73CE6 /* PBXTargetDependency */ = {
			isa = PBXTargetDependency;
			target = 16CD98E924B0B6E600E73CE6 /* Food App */;
			targetProxy = 16CD98FC24B0B6E800E73CE6 /* PBXContainerItemProxy */;
		};
		16CD990824B0B6E800E73CE6 /* PBXTargetDependency */ = {
			isa = PBXTargetDependency;
			target = 16CD98E924B0B6E600E73CE6 /* Food App */;
			targetProxy = 16CD990724B0B6E800E73CE6 /* PBXContainerItemProxy */;
		};
/* End PBXTargetDependency section */

/* Begin XCBuildConfiguration section */
		16CD990D24B0B6E800E73CE6 /* Debug */ = {
			isa = XCBuildConfiguration;
			buildSettings = {
				ALWAYS_SEARCH_USER_PATHS = NO;
				CLANG_ANALYZER_NONNULL = YES;
				CLANG_ANALYZER_NUMBER_OBJECT_CONVERSION = YES_AGGRESSIVE;
				CLANG_CXX_LANGUAGE_STANDARD = "gnu++14";
				CLANG_CXX_LIBRARY = "libc++";
				CLANG_ENABLE_MODULES = YES;
				CLANG_ENABLE_OBJC_ARC = YES;
				CLANG_ENABLE_OBJC_WEAK = YES;
				CLANG_WARN_BLOCK_CAPTURE_AUTORELEASING = YES;
				CLANG_WARN_BOOL_CONVERSION = YES;
				CLANG_WARN_COMMA = YES;
				CLANG_WARN_CONSTANT_CONVERSION = YES;
				CLANG_WARN_DEPRECATED_OBJC_IMPLEMENTATIONS = YES;
				CLANG_WARN_DIRECT_OBJC_ISA_USAGE = YES_ERROR;
				CLANG_WARN_DOCUMENTATION_COMMENTS = YES;
				CLANG_WARN_EMPTY_BODY = YES;
				CLANG_WARN_ENUM_CONVERSION = YES;
				CLANG_WARN_INFINITE_RECURSION = YES;
				CLANG_WARN_INT_CONVERSION = YES;
				CLANG_WARN_NON_LITERAL_NULL_CONVERSION = YES;
				CLANG_WARN_OBJC_IMPLICIT_RETAIN_SELF = YES;
				CLANG_WARN_OBJC_LITERAL_CONVERSION = YES;
				CLANG_WARN_OBJC_ROOT_CLASS = YES_ERROR;
				CLANG_WARN_QUOTED_INCLUDE_IN_FRAMEWORK_HEADER = YES;
				CLANG_WARN_RANGE_LOOP_ANALYSIS = YES;
				CLANG_WARN_STRICT_PROTOTYPES = YES;
				CLANG_WARN_SUSPICIOUS_MOVE = YES;
				CLANG_WARN_UNGUARDED_AVAILABILITY = YES_AGGRESSIVE;
				CLANG_WARN_UNREACHABLE_CODE = YES;
				CLANG_WARN__DUPLICATE_METHOD_MATCH = YES;
				COPY_PHASE_STRIP = NO;
				DEBUG_INFORMATION_FORMAT = dwarf;
				ENABLE_STRICT_OBJC_MSGSEND = YES;
				ENABLE_TESTABILITY = YES;
				GCC_C_LANGUAGE_STANDARD = gnu11;
				GCC_DYNAMIC_NO_PIC = NO;
				GCC_NO_COMMON_BLOCKS = YES;
				GCC_OPTIMIZATION_LEVEL = 0;
				GCC_PREPROCESSOR_DEFINITIONS = (
					"DEBUG=1",
					"$(inherited)",
				);
				GCC_WARN_64_TO_32_BIT_CONVERSION = YES;
				GCC_WARN_ABOUT_RETURN_TYPE = YES_ERROR;
				GCC_WARN_UNDECLARED_SELECTOR = YES;
				GCC_WARN_UNINITIALIZED_AUTOS = YES_AGGRESSIVE;
				GCC_WARN_UNUSED_FUNCTION = YES;
				GCC_WARN_UNUSED_VARIABLE = YES;
				IPHONEOS_DEPLOYMENT_TARGET = 14.0;
				MTL_ENABLE_DEBUG_INFO = INCLUDE_SOURCE;
				MTL_FAST_MATH = YES;
				ONLY_ACTIVE_ARCH = YES;
				SDKROOT = iphoneos;
				SWIFT_ACTIVE_COMPILATION_CONDITIONS = DEBUG;
				SWIFT_OPTIMIZATION_LEVEL = "-Onone";
			};
			name = Debug;
		};
		16CD990E24B0B6E800E73CE6 /* Release */ = {
			isa = XCBuildConfiguration;
			buildSettings = {
				ALWAYS_SEARCH_USER_PATHS = NO;
				CLANG_ANALYZER_NONNULL = YES;
				CLANG_ANALYZER_NUMBER_OBJECT_CONVERSION = YES_AGGRESSIVE;
				CLANG_CXX_LANGUAGE_STANDARD = "gnu++14";
				CLANG_CXX_LIBRARY = "libc++";
				CLANG_ENABLE_MODULES = YES;
				CLANG_ENABLE_OBJC_ARC = YES;
				CLANG_ENABLE_OBJC_WEAK = YES;
				CLANG_WARN_BLOCK_CAPTURE_AUTORELEASING = YES;
				CLANG_WARN_BOOL_CONVERSION = YES;
				CLANG_WARN_COMMA = YES;
				CLANG_WARN_CONSTANT_CONVERSION = YES;
				CLANG_WARN_DEPRECATED_OBJC_IMPLEMENTATIONS = YES;
				CLANG_WARN_DIRECT_OBJC_ISA_USAGE = YES_ERROR;
				CLANG_WARN_DOCUMENTATION_COMMENTS = YES;
				CLANG_WARN_EMPTY_BODY = YES;
				CLANG_WARN_ENUM_CONVERSION = YES;
				CLANG_WARN_INFINITE_RECURSION = YES;
				CLANG_WARN_INT_CONVERSION = YES;
				CLANG_WARN_NON_LITERAL_NULL_CONVERSION = YES;
				CLANG_WARN_OBJC_IMPLICIT_RETAIN_SELF = YES;
				CLANG_WARN_OBJC_LITERAL_CONVERSION = YES;
				CLANG_WARN_OBJC_ROOT_CLASS = YES_ERROR;
				CLANG_WARN_QUOTED_INCLUDE_IN_FRAMEWORK_HEADER = YES;
				CLANG_WARN_RANGE_LOOP_ANALYSIS = YES;
				CLANG_WARN_STRICT_PROTOTYPES = YES;
				CLANG_WARN_SUSPICIOUS_MOVE = YES;
				CLANG_WARN_UNGUARDED_AVAILABILITY = YES_AGGRESSIVE;
				CLANG_WARN_UNREACHABLE_CODE = YES;
				CLANG_WARN__DUPLICATE_METHOD_MATCH = YES;
				COPY_PHASE_STRIP = NO;
				DEBUG_INFORMATION_FORMAT = "dwarf-with-dsym";
				ENABLE_NS_ASSERTIONS = NO;
				ENABLE_STRICT_OBJC_MSGSEND = YES;
				GCC_C_LANGUAGE_STANDARD = gnu11;
				GCC_NO_COMMON_BLOCKS = YES;
				GCC_WARN_64_TO_32_BIT_CONVERSION = YES;
				GCC_WARN_ABOUT_RETURN_TYPE = YES_ERROR;
				GCC_WARN_UNDECLARED_SELECTOR = YES;
				GCC_WARN_UNINITIALIZED_AUTOS = YES_AGGRESSIVE;
				GCC_WARN_UNUSED_FUNCTION = YES;
				GCC_WARN_UNUSED_VARIABLE = YES;
				IPHONEOS_DEPLOYMENT_TARGET = 14.0;
				MTL_ENABLE_DEBUG_INFO = NO;
				MTL_FAST_MATH = YES;
				SDKROOT = iphoneos;
				SWIFT_COMPILATION_MODE = wholemodule;
				SWIFT_OPTIMIZATION_LEVEL = "-O";
				VALIDATE_PRODUCT = YES;
			};
			name = Release;
		};
		16CD991024B0B6E800E73CE6 /* Debug */ = {
			isa = XCBuildConfiguration;
			buildSettings = {
				ASSETCATALOG_COMPILER_APPICON_NAME = AppIcon;
				ASSETCATALOG_COMPILER_GLOBAL_ACCENT_COLOR_NAME = AccentColor;
				CODE_SIGN_STYLE = Automatic;
				DEVELOPMENT_ASSET_PATHS = "\"Food App/Preview Content\"";
				ENABLE_PREVIEWS = YES;
				INFOPLIST_FILE = "Food App/Info.plist";
				IPHONEOS_DEPLOYMENT_TARGET = 14.0;
				LD_RUNPATH_SEARCH_PATHS = (
					"$(inherited)",
					"@executable_path/Frameworks",
				);
				PRODUCT_BUNDLE_IDENTIFIER = "usmanmukhtar.Food-App";
				PRODUCT_NAME = "$(TARGET_NAME)";
				SWIFT_VERSION = 5.0;
				TARGETED_DEVICE_FAMILY = "1,2";
			};
			name = Debug;
		};
		16CD991124B0B6E800E73CE6 /* Release */ = {
			isa = XCBuildConfiguration;
			buildSettings = {
				ASSETCATALOG_COMPILER_APPICON_NAME = AppIcon;
				ASSETCATALOG_COMPILER_GLOBAL_ACCENT_COLOR_NAME = AccentColor;
				CODE_SIGN_STYLE = Automatic;
				DEVELOPMENT_ASSET_PATHS = "\"Food App/Preview Content\"";
				ENABLE_PREVIEWS = YES;
				INFOPLIST_FILE = "Food App/Info.plist";
				IPHONEOS_DEPLOYMENT_TARGET = 14.0;
				LD_RUNPATH_SEARCH_PATHS = (
					"$(inherited)",
					"@executable_path/Frameworks",
				);
				PRODUCT_BUNDLE_IDENTIFIER = "usmanmukhtar.Food-App";
				PRODUCT_NAME = "$(TARGET_NAME)";
				SWIFT_VERSION = 5.0;
				TARGETED_DEVICE_FAMILY = "1,2";
			};
			name = Release;
		};
		16CD991324B0B6E800E73CE6 /* Debug */ = {
			isa = XCBuildConfiguration;
			buildSettings = {
				ALWAYS_EMBED_SWIFT_STANDARD_LIBRARIES = YES;
				BUNDLE_LOADER = "$(TEST_HOST)";
				CODE_SIGN_STYLE = Automatic;
				INFOPLIST_FILE = "Food AppTests/Info.plist";
				IPHONEOS_DEPLOYMENT_TARGET = 14.0;
				LD_RUNPATH_SEARCH_PATHS = (
					"$(inherited)",
					"@executable_path/Frameworks",
					"@loader_path/Frameworks",
				);
				PRODUCT_BUNDLE_IDENTIFIER = "usmanmukhtar.Food-AppTests";
				PRODUCT_NAME = "$(TARGET_NAME)";
				SWIFT_VERSION = 5.0;
				TARGETED_DEVICE_FAMILY = "1,2";
				TEST_HOST = "$(BUILT_PRODUCTS_DIR)/Food App.app/Food App";
			};
			name = Debug;
		};
		16CD991424B0B6E800E73CE6 /* Release */ = {
			isa = XCBuildConfiguration;
			buildSettings = {
				ALWAYS_EMBED_SWIFT_STANDARD_LIBRARIES = YES;
				BUNDLE_LOADER = "$(TEST_HOST)";
				CODE_SIGN_STYLE = Automatic;
				INFOPLIST_FILE = "Food AppTests/Info.plist";
				IPHONEOS_DEPLOYMENT_TARGET = 14.0;
				LD_RUNPATH_SEARCH_PATHS = (
					"$(inherited)",
					"@executable_path/Frameworks",
					"@loader_path/Frameworks",
				);
				PRODUCT_BUNDLE_IDENTIFIER = "usmanmukhtar.Food-AppTests";
				PRODUCT_NAME = "$(TARGET_NAME)";
				SWIFT_VERSION = 5.0;
				TARGETED_DEVICE_FAMILY = "1,2";
				TEST_HOST = "$(BUILT_PRODUCTS_DIR)/Food App.app/Food App";
			};
			name = Release;
		};
		16CD991624B0B6E800E73CE6 /* Debug */ = {
			isa = XCBuildConfiguration;
			buildSettings = {
				ALWAYS_EMBED_SWIFT_STANDARD_LIBRARIES = YES;
				CODE_SIGN_STYLE = Automatic;
				INFOPLIST_FILE = "Food AppUITests/Info.plist";
				LD_RUNPATH_SEARCH_PATHS = (
					"$(inherited)",
					"@executable_path/Frameworks",
					"@loader_path/Frameworks",
				);
				PRODUCT_BUNDLE_IDENTIFIER = "usmanmukhtar.Food-AppUITests";
				PRODUCT_NAME = "$(TARGET_NAME)";
				SWIFT_VERSION = 5.0;
				TARGETED_DEVICE_FAMILY = "1,2";
				TEST_TARGET_NAME = "Food App";
			};
			name = Debug;
		};
		16CD991724B0B6E800E73CE6 /* Release */ = {
			isa = XCBuildConfiguration;
			buildSettings = {
				ALWAYS_EMBED_SWIFT_STANDARD_LIBRARIES = YES;
				CODE_SIGN_STYLE = Automatic;
				INFOPLIST_FILE = "Food AppUITests/Info.plist";
				LD_RUNPATH_SEARCH_PATHS = (
					"$(inherited)",
					"@executable_path/Frameworks",
					"@loader_path/Frameworks",
				);
				PRODUCT_BUNDLE_IDENTIFIER = "usmanmukhtar.Food-AppUITests";
				PRODUCT_NAME = "$(TARGET_NAME)";
				SWIFT_VERSION = 5.0;
				TARGETED_DEVICE_FAMILY = "1,2";
				TEST_TARGET_NAME = "Food App";
			};
			name = Release;
		};
/* End XCBuildConfiguration section */

/* Begin XCConfigurationList section */
		16CD98E524B0B6E600E73CE6 /* Build configuration list for PBXProject "Food App" */ = {
			isa = XCConfigurationList;
			buildConfigurations = (
				16CD990D24B0B6E800E73CE6 /* Debug */,
				16CD990E24B0B6E800E73CE6 /* Release */,
			);
			defaultConfigurationIsVisible = 0;
			defaultConfigurationName = Release;
		};
		16CD990F24B0B6E800E73CE6 /* Build configuration list for PBXNativeTarget "Food App" */ = {
			isa = XCConfigurationList;
			buildConfigurations = (
				16CD991024B0B6E800E73CE6 /* Debug */,
				16CD991124B0B6E800E73CE6 /* Release */,
			);
			defaultConfigurationIsVisible = 0;
			defaultConfigurationName = Release;
		};
		16CD991224B0B6E800E73CE6 /* Build configuration list for PBXNativeTarget "Food AppTests" */ = {
			isa = XCConfigurationList;
			buildConfigurations = (
				16CD991324B0B6E800E73CE6 /* Debug */,
				16CD991424B0B6E800E73CE6 /* Release */,
			);
			defaultConfigurationIsVisible = 0;
			defaultConfigurationName = Release;
		};
		16CD991524B0B6E800E73CE6 /* Build configuration list for PBXNativeTarget "Food AppUITests" */ = {
			isa = XCConfigurationList;
			buildConfigurations = (
				16CD991624B0B6E800E73CE6 /* Debug */,
				16CD991724B0B6E800E73CE6 /* Release */,
			);
			defaultConfigurationIsVisible = 0;
			defaultConfigurationName = Release;
		};
/* End XCConfigurationList section */
	};
	rootObject = 16CD98E224B0B6E600E73CE6 /* Project object */;
}
